// !$*UTF8*$!
{
	archiveVersion = 1;
	classes = {
	};
	objectVersion = 56;
	objects = {

/* Begin PBXBuildFile section */
		3B2F9BF52CB2CEE200EC5830 /* HTTPDataDownloader.swift in Sources */ = {isa = PBXBuildFile; fileRef = 3B2F9BF42CB2CEE200EC5830 /* HTTPDataDownloader.swift */; };
		3B2F9BF82CB9D01500EC5830 /* CoinDetailsCache.swift in Sources */ = {isa = PBXBuildFile; fileRef = 3B2F9BF72CB9D01500EC5830 /* CoinDetailsCache.swift */; };
		3B2F9BFC2CBAD40900EC5830 /* MockCoinService.swift in Sources */ = {isa = PBXBuildFile; fileRef = 3B2F9BFB2CBAD40900EC5830 /* MockCoinService.swift */; };
		3B67F90C2C9E03610067607E /* CoinDataService.swift in Sources */ = {isa = PBXBuildFile; fileRef = 3B67F90B2C9E03610067607E /* CoinDataService.swift */; };
		3B9B3AC32CAE921E004D0829 /* CoinDetailsView.swift in Sources */ = {isa = PBXBuildFile; fileRef = 3B9B3AC22CAE921E004D0829 /* CoinDetailsView.swift */; };
		3B9B3AC62CAEE6EA004D0829 /* CoinDetails.swift in Sources */ = {isa = PBXBuildFile; fileRef = 3B9B3AC52CAEE6EA004D0829 /* CoinDetails.swift */; };
		3B9B3AC92CAEE9BF004D0829 /* CoinDetailsViewModel.swift in Sources */ = {isa = PBXBuildFile; fileRef = 3B9B3AC82CAEE9BF004D0829 /* CoinDetailsViewModel.swift */; };
		3BD9F1322CA0662800F2E796 /* Coin.swift in Sources */ = {isa = PBXBuildFile; fileRef = 3BD9F1312CA0662800F2E796 /* Coin.swift */; };
		3BD9F1342CA0B77500F2E796 /* CoinAPIError.swift in Sources */ = {isa = PBXBuildFile; fileRef = 3BD9F1332CA0B77500F2E796 /* CoinAPIError.swift */; };
		3BEEB3F52C878D2C005E2E57 /* NetworkingStudyApp.swift in Sources */ = {isa = PBXBuildFile; fileRef = 3BEEB3F42C878D2C005E2E57 /* NetworkingStudyApp.swift */; };
		3BEEB3F72C878D2C005E2E57 /* ContentView.swift in Sources */ = {isa = PBXBuildFile; fileRef = 3BEEB3F62C878D2C005E2E57 /* ContentView.swift */; };
		3BEEB3F92C878D2D005E2E57 /* Assets.xcassets in Resources */ = {isa = PBXBuildFile; fileRef = 3BEEB3F82C878D2D005E2E57 /* Assets.xcassets */; };
		3BEEB3FC2C878D2D005E2E57 /* Preview Assets.xcassets in Resources */ = {isa = PBXBuildFile; fileRef = 3BEEB3FB2C878D2D005E2E57 /* Preview Assets.xcassets */; };
		3BEEB4092C87A2F8005E2E57 /* CoinsViewModel.swift in Sources */ = {isa = PBXBuildFile; fileRef = 3BEEB4082C87A2F8005E2E57 /* CoinsViewModel.swift */; };
/* End PBXBuildFile section */

/* Begin PBXFileReference section */
		3B2F9BF42CB2CEE200EC5830 /* HTTPDataDownloader.swift */ = {isa = PBXFileReference; lastKnownFileType = sourcecode.swift; path = HTTPDataDownloader.swift; sourceTree = "<group>"; };
		3B2F9BF72CB9D01500EC5830 /* CoinDetailsCache.swift */ = {isa = PBXFileReference; lastKnownFileType = sourcecode.swift; path = CoinDetailsCache.swift; sourceTree = "<group>"; };
		3B2F9BFB2CBAD40900EC5830 /* MockCoinService.swift */ = {isa = PBXFileReference; lastKnownFileType = sourcecode.swift; path = MockCoinService.swift; sourceTree = "<group>"; };
		3B67F90B2C9E03610067607E /* CoinDataService.swift */ = {isa = PBXFileReference; lastKnownFileType = sourcecode.swift; path = CoinDataService.swift; sourceTree = "<group>"; };
		3B9B3AC22CAE921E004D0829 /* CoinDetailsView.swift */ = {isa = PBXFileReference; lastKnownFileType = sourcecode.swift; path = CoinDetailsView.swift; sourceTree = "<group>"; };
		3B9B3AC52CAEE6EA004D0829 /* CoinDetails.swift */ = {isa = PBXFileReference; lastKnownFileType = sourcecode.swift; path = CoinDetails.swift; sourceTree = "<group>"; };
		3B9B3AC82CAEE9BF004D0829 /* CoinDetailsViewModel.swift */ = {isa = PBXFileReference; lastKnownFileType = sourcecode.swift; path = CoinDetailsViewModel.swift; sourceTree = "<group>"; };
		3BD9F1312CA0662800F2E796 /* Coin.swift */ = {isa = PBXFileReference; lastKnownFileType = sourcecode.swift; path = Coin.swift; sourceTree = "<group>"; };
		3BD9F1332CA0B77500F2E796 /* CoinAPIError.swift */ = {isa = PBXFileReference; lastKnownFileType = sourcecode.swift; path = CoinAPIError.swift; sourceTree = "<group>"; };
		3BEEB3F12C878D2C005E2E57 /* NetworkingStudy.app */ = {isa = PBXFileReference; explicitFileType = wrapper.application; includeInIndex = 0; path = NetworkingStudy.app; sourceTree = BUILT_PRODUCTS_DIR; };
		3BEEB3F42C878D2C005E2E57 /* NetworkingStudyApp.swift */ = {isa = PBXFileReference; lastKnownFileType = sourcecode.swift; path = NetworkingStudyApp.swift; sourceTree = "<group>"; };
		3BEEB3F62C878D2C005E2E57 /* ContentView.swift */ = {isa = PBXFileReference; lastKnownFileType = sourcecode.swift; path = ContentView.swift; sourceTree = "<group>"; };
		3BEEB3F82C878D2D005E2E57 /* Assets.xcassets */ = {isa = PBXFileReference; lastKnownFileType = folder.assetcatalog; path = Assets.xcassets; sourceTree = "<group>"; };
		3BEEB3FB2C878D2D005E2E57 /* Preview Assets.xcassets */ = {isa = PBXFileReference; lastKnownFileType = folder.assetcatalog; path = "Preview Assets.xcassets"; sourceTree = "<group>"; };
		3BEEB4082C87A2F8005E2E57 /* CoinsViewModel.swift */ = {isa = PBXFileReference; lastKnownFileType = sourcecode.swift; path = CoinsViewModel.swift; sourceTree = "<group>"; };
/* End PBXFileReference section */

/* Begin PBXFrameworksBuildPhase section */
		3BEEB3EE2C878D2C005E2E57 /* Frameworks */ = {
			isa = PBXFrameworksBuildPhase;
			buildActionMask = 2147483647;
			files = (
			);
			runOnlyForDeploymentPostprocessing = 0;
		};
/* End PBXFrameworksBuildPhase section */

/* Begin PBXGroup section */
		3B2F9BF22CB2CEB100EC5830 /* Shared */ = {
			isa = PBXGroup;
			children = (
				3B2F9BF32CB2CEBC00EC5830 /* API */,
			);
			path = Shared;
			sourceTree = "<group>";
		};
		3B2F9BF32CB2CEBC00EC5830 /* API */ = {
			isa = PBXGroup;
			children = (
				3B2F9BF42CB2CEE200EC5830 /* HTTPDataDownloader.swift */,
			);
			path = API;
			sourceTree = "<group>";
		};
		3B2F9BF62CB9CFFF00EC5830 /* Cache */ = {
			isa = PBXGroup;
			children = (
				3B2F9BF72CB9D01500EC5830 /* CoinDetailsCache.swift */,
			);
			path = Cache;
			sourceTree = "<group>";
		};
		3B67F90A2C9E03450067607E /* Service */ = {
			isa = PBXGroup;
			children = (
				3B67F90B2C9E03610067607E /* CoinDataService.swift */,
				3B2F9BFB2CBAD40900EC5830 /* MockCoinService.swift */,
			);
			path = Service;
			sourceTree = "<group>";
		};
		3B9B3AC02CAE91E5004D0829 /* CoinDetails */ = {
			isa = PBXGroup;
			children = (
				3B2F9BF62CB9CFFF00EC5830 /* Cache */,
				3B9B3AC42CAEE6D7004D0829 /* Model */,
				3B9B3AC12CAE920C004D0829 /* View */,
				3B9B3AC72CAEE998004D0829 /* ViewModel */,
			);
			path = CoinDetails;
			sourceTree = "<group>";
		};
		3B9B3AC12CAE920C004D0829 /* View */ = {
			isa = PBXGroup;
			children = (
				3B9B3AC22CAE921E004D0829 /* CoinDetailsView.swift */,
			);
			path = View;
			sourceTree = "<group>";
		};
		3B9B3AC42CAEE6D7004D0829 /* Model */ = {
			isa = PBXGroup;
			children = (
				3B9B3AC52CAEE6EA004D0829 /* CoinDetails.swift */,
			);
			path = Model;
			sourceTree = "<group>";
		};
		3B9B3AC72CAEE998004D0829 /* ViewModel */ = {
			isa = PBXGroup;
			children = (
				3B9B3AC82CAEE9BF004D0829 /* CoinDetailsViewModel.swift */,
			);
			path = ViewModel;
			sourceTree = "<group>";
		};
		3BD9F1302CA0661800F2E796 /* Model */ = {
			isa = PBXGroup;
			children = (
				3BD9F1312CA0662800F2E796 /* Coin.swift */,
				3BD9F1332CA0B77500F2E796 /* CoinAPIError.swift */,
			);
			path = Model;
			sourceTree = "<group>";
		};
		3BEEB3E82C878D2C005E2E57 = {
			isa = PBXGroup;
			children = (
				3BEEB3F32C878D2C005E2E57 /* NetworkingStudy */,
				3BEEB3F22C878D2C005E2E57 /* Products */,
			);
			sourceTree = "<group>";
		};
		3BEEB3F22C878D2C005E2E57 /* Products */ = {
			isa = PBXGroup;
			children = (
				3BEEB3F12C878D2C005E2E57 /* NetworkingStudy.app */,
			);
			name = Products;
			sourceTree = "<group>";
		};
		3BEEB3F32C878D2C005E2E57 /* NetworkingStudy */ = {
			isa = PBXGroup;
			children = (
				3B2F9BF22CB2CEB100EC5830 /* Shared */,
				3BEEB4022C878F1B005E2E57 /* App */,
				3BEEB3F82C878D2D005E2E57 /* Assets.xcassets */,
				3BEEB4032C878F5C005E2E57 /* Core */,
				3BEEB3FA2C878D2D005E2E57 /* Preview Content */,
			);
			path = NetworkingStudy;
			sourceTree = "<group>";
		};
		3BEEB3FA2C878D2D005E2E57 /* Preview Content */ = {
			isa = PBXGroup;
			children = (
				3BEEB3FB2C878D2D005E2E57 /* Preview Assets.xcassets */,
			);
			path = "Preview Content";
			sourceTree = "<group>";
		};
		3BEEB4022C878F1B005E2E57 /* App */ = {
			isa = PBXGroup;
			children = (
				3BEEB3F42C878D2C005E2E57 /* NetworkingStudyApp.swift */,
			);
			path = App;
			sourceTree = "<group>";
		};
		3BEEB4032C878F5C005E2E57 /* Core */ = {
			isa = PBXGroup;
			children = (
				3B67F90A2C9E03450067607E /* Service */,
				3BEEB4042C878F62005E2E57 /* AllCoins */,
				3B9B3AC02CAE91E5004D0829 /* CoinDetails */,
			);
			path = Core;
			sourceTree = "<group>";
		};
		3BEEB4042C878F62005E2E57 /* AllCoins */ = {
			isa = PBXGroup;
			children = (
				3BD9F1302CA0661800F2E796 /* Model */,
				3BEEB4062C878F6F005E2E57 /* View */,
				3BEEB4052C878F6F005E2E57 /* ViewModel */,
			);
			path = AllCoins;
			sourceTree = "<group>";
		};
		3BEEB4052C878F6F005E2E57 /* ViewModel */ = {
			isa = PBXGroup;
			children = (
				3BEEB4082C87A2F8005E2E57 /* CoinsViewModel.swift */,
			);
			path = ViewModel;
			sourceTree = "<group>";
		};
		3BEEB4062C878F6F005E2E57 /* View */ = {
			isa = PBXGroup;
			children = (
				3BEEB3F62C878D2C005E2E57 /* ContentView.swift */,
			);
			name = View;
			path = "New Group/View";
			sourceTree = "<group>";
		};
/* End PBXGroup section */

/* Begin PBXNativeTarget section */
		3BEEB3F02C878D2C005E2E57 /* NetworkingStudy */ = {
			isa = PBXNativeTarget;
			buildConfigurationList = 3BEEB3FF2C878D2D005E2E57 /* Build configuration list for PBXNativeTarget "NetworkingStudy" */;
			buildPhases = (
				3BEEB3ED2C878D2C005E2E57 /* Sources */,
				3BEEB3EE2C878D2C005E2E57 /* Frameworks */,
				3BEEB3EF2C878D2C005E2E57 /* Resources */,
			);
			buildRules = (
			);
			dependencies = (
			);
			name = NetworkingStudy;
			productName = NetworkingStudy;
			productReference = 3BEEB3F12C878D2C005E2E57 /* NetworkingStudy.app */;
			productType = "com.apple.product-type.application";
		};
/* End PBXNativeTarget section */

/* Begin PBXProject section */
		3BEEB3E92C878D2C005E2E57 /* Project object */ = {
			isa = PBXProject;
			attributes = {
				BuildIndependentTargetsInParallel = 1;
				LastSwiftUpdateCheck = 1540;
				LastUpgradeCheck = 1540;
				TargetAttributes = {
					3BEEB3F02C878D2C005E2E57 = {
						CreatedOnToolsVersion = 15.4;
					};
				};
			};
			buildConfigurationList = 3BEEB3EC2C878D2C005E2E57 /* Build configuration list for PBXProject "NetworkingStudy" */;
			compatibilityVersion = "Xcode 14.0";
			developmentRegion = en;
			hasScannedForEncodings = 0;
			knownRegions = (
				en,
				Base,
			);
			mainGroup = 3BEEB3E82C878D2C005E2E57;
			productRefGroup = 3BEEB3F22C878D2C005E2E57 /* Products */;
			projectDirPath = "";
			projectRoot = "";
			targets = (
				3BEEB3F02C878D2C005E2E57 /* NetworkingStudy */,
			);
		};
/* End PBXProject section */

/* Begin PBXResourcesBuildPhase section */
		3BEEB3EF2C878D2C005E2E57 /* Resources */ = {
			isa = PBXResourcesBuildPhase;
			buildActionMask = 2147483647;
			files = (
				3BEEB3FC2C878D2D005E2E57 /* Preview Assets.xcassets in Resources */,
				3BEEB3F92C878D2D005E2E57 /* Assets.xcassets in Resources */,
			);
			runOnlyForDeploymentPostprocessing = 0;
		};
/* End PBXResourcesBuildPhase section */

/* Begin PBXSourcesBuildPhase section */
		3BEEB3ED2C878D2C005E2E57 /* Sources */ = {
			isa = PBXSourcesBuildPhase;
			buildActionMask = 2147483647;
			files = (
				3B2F9BFC2CBAD40900EC5830 /* MockCoinService.swift in Sources */,
				3B9B3AC32CAE921E004D0829 /* CoinDetailsView.swift in Sources */,
				3B2F9BF82CB9D01500EC5830 /* CoinDetailsCache.swift in Sources */,
				3B9B3AC92CAEE9BF004D0829 /* CoinDetailsViewModel.swift in Sources */,
				3BD9F1342CA0B77500F2E796 /* CoinAPIError.swift in Sources */,
				3B67F90C2C9E03610067607E /* CoinDataService.swift in Sources */,
				3B2F9BF52CB2CEE200EC5830 /* HTTPDataDownloader.swift in Sources */,
				3B9B3AC62CAEE6EA004D0829 /* CoinDetails.swift in Sources */,
				3BEEB3F72C878D2C005E2E57 /* ContentView.swift in Sources */,
				3BEEB4092C87A2F8005E2E57 /* CoinsViewModel.swift in Sources */,
				3BD9F1322CA0662800F2E796 /* Coin.swift in Sources */,
				3BEEB3F52C878D2C005E2E57 /* NetworkingStudyApp.swift in Sources */,
			);
			runOnlyForDeploymentPostprocessing = 0;
		};
/* End PBXSourcesBuildPhase section */

/* Begin XCBuildConfiguration section */
		3BEEB3FD2C878D2D005E2E57 /* Debug */ = {
			isa = XCBuildConfiguration;
			buildSettings = {
				ALWAYS_SEARCH_USER_PATHS = NO;
				ASSETCATALOG_COMPILER_GENERATE_SWIFT_ASSET_SYMBOL_EXTENSIONS = YES;
				CLANG_ANALYZER_NONNULL = YES;
				CLANG_ANALYZER_NUMBER_OBJECT_CONVERSION = YES_AGGRESSIVE;
				CLANG_CXX_LANGUAGE_STANDARD = "gnu++20";
				CLANG_ENABLE_MODULES = YES;
				CLANG_ENABLE_OBJC_ARC = YES;
				CLANG_ENABLE_OBJC_WEAK = YES;
				CLANG_WARN_BLOCK_CAPTURE_AUTORELEASING = YES;
				CLANG_WARN_BOOL_CONVERSION = YES;
				CLANG_WARN_COMMA = YES;
				CLANG_WARN_CONSTANT_CONVERSION = YES;
				CLANG_WARN_DEPRECATED_OBJC_IMPLEMENTATIONS = YES;
				CLANG_WARN_DIRECT_OBJC_ISA_USAGE = YES_ERROR;
				CLANG_WARN_DOCUMENTATION_COMMENTS = YES;
				CLANG_WARN_EMPTY_BODY = YES;
				CLANG_WARN_ENUM_CONVERSION = YES;
				CLANG_WARN_INFINITE_RECURSION = YES;
				CLANG_WARN_INT_CONVERSION = YES;
				CLANG_WARN_NON_LITERAL_NULL_CONVERSION = YES;
				CLANG_WARN_OBJC_IMPLICIT_RETAIN_SELF = YES;
				CLANG_WARN_OBJC_LITERAL_CONVERSION = YES;
				CLANG_WARN_OBJC_ROOT_CLASS = YES_ERROR;
				CLANG_WARN_QUOTED_INCLUDE_IN_FRAMEWORK_HEADER = YES;
				CLANG_WARN_RANGE_LOOP_ANALYSIS = YES;
				CLANG_WARN_STRICT_PROTOTYPES = YES;
				CLANG_WARN_SUSPICIOUS_MOVE = YES;
				CLANG_WARN_UNGUARDED_AVAILABILITY = YES_AGGRESSIVE;
				CLANG_WARN_UNREACHABLE_CODE = YES;
				CLANG_WARN__DUPLICATE_METHOD_MATCH = YES;
				COPY_PHASE_STRIP = NO;
				DEBUG_INFORMATION_FORMAT = dwarf;
				ENABLE_STRICT_OBJC_MSGSEND = YES;
				ENABLE_TESTABILITY = YES;
				ENABLE_USER_SCRIPT_SANDBOXING = YES;
				GCC_C_LANGUAGE_STANDARD = gnu17;
				GCC_DYNAMIC_NO_PIC = NO;
				GCC_NO_COMMON_BLOCKS = YES;
				GCC_OPTIMIZATION_LEVEL = 0;
				GCC_PREPROCESSOR_DEFINITIONS = (
					"DEBUG=1",
					"$(inherited)",
				);
				GCC_WARN_64_TO_32_BIT_CONVERSION = YES;
				GCC_WARN_ABOUT_RETURN_TYPE = YES_ERROR;
				GCC_WARN_UNDECLARED_SELECTOR = YES;
				GCC_WARN_UNINITIALIZED_AUTOS = YES_AGGRESSIVE;
				GCC_WARN_UNUSED_FUNCTION = YES;
				GCC_WARN_UNUSED_VARIABLE = YES;
				IPHONEOS_DEPLOYMENT_TARGET = 17.5;
				LOCALIZATION_PREFERS_STRING_CATALOGS = YES;
				MTL_ENABLE_DEBUG_INFO = INCLUDE_SOURCE;
				MTL_FAST_MATH = YES;
				ONLY_ACTIVE_ARCH = YES;
				SDKROOT = iphoneos;
				SWIFT_ACTIVE_COMPILATION_CONDITIONS = "DEBUG $(inherited)";
				SWIFT_OPTIMIZATION_LEVEL = "-Onone";
			};
			name = Debug;
		};
		3BEEB3FE2C878D2D005E2E57 /* Release */ = {
			isa = XCBuildConfiguration;
			buildSettings = {
				ALWAYS_SEARCH_USER_PATHS = NO;
				ASSETCATALOG_COMPILER_GENERATE_SWIFT_ASSET_SYMBOL_EXTENSIONS = YES;
				CLANG_ANALYZER_NONNULL = YES;
				CLANG_ANALYZER_NUMBER_OBJECT_CONVERSION = YES_AGGRESSIVE;
				CLANG_CXX_LANGUAGE_STANDARD = "gnu++20";
				CLANG_ENABLE_MODULES = YES;
				CLANG_ENABLE_OBJC_ARC = YES;
				CLANG_ENABLE_OBJC_WEAK = YES;
				CLANG_WARN_BLOCK_CAPTURE_AUTORELEASING = YES;
				CLANG_WARN_BOOL_CONVERSION = YES;
				CLANG_WARN_COMMA = YES;
				CLANG_WARN_CONSTANT_CONVERSION = YES;
				CLANG_WARN_DEPRECATED_OBJC_IMPLEMENTATIONS = YES;
				CLANG_WARN_DIRECT_OBJC_ISA_USAGE = YES_ERROR;
				CLANG_WARN_DOCUMENTATION_COMMENTS = YES;
				CLANG_WARN_EMPTY_BODY = YES;
				CLANG_WARN_ENUM_CONVERSION = YES;
				CLANG_WARN_INFINITE_RECURSION = YES;
				CLANG_WARN_INT_CONVERSION = YES;
				CLANG_WARN_NON_LITERAL_NULL_CONVERSION = YES;
				CLANG_WARN_OBJC_IMPLICIT_RETAIN_SELF = YES;
				CLANG_WARN_OBJC_LITERAL_CONVERSION = YES;
				CLANG_WARN_OBJC_ROOT_CLASS = YES_ERROR;
				CLANG_WARN_QUOTED_INCLUDE_IN_FRAMEWORK_HEADER = YES;
				CLANG_WARN_RANGE_LOOP_ANALYSIS = YES;
				CLANG_WARN_STRICT_PROTOTYPES = YES;
				CLANG_WARN_SUSPICIOUS_MOVE = YES;
				CLANG_WARN_UNGUARDED_AVAILABILITY = YES_AGGRESSIVE;
				CLANG_WARN_UNREACHABLE_CODE = YES;
				CLANG_WARN__DUPLICATE_METHOD_MATCH = YES;
				COPY_PHASE_STRIP = NO;
				DEBUG_INFORMATION_FORMAT = "dwarf-with-dsym";
				ENABLE_NS_ASSERTIONS = NO;
				ENABLE_STRICT_OBJC_MSGSEND = YES;
				ENABLE_USER_SCRIPT_SANDBOXING = YES;
				GCC_C_LANGUAGE_STANDARD = gnu17;
				GCC_NO_COMMON_BLOCKS = YES;
				GCC_WARN_64_TO_32_BIT_CONVERSION = YES;
				GCC_WARN_ABOUT_RETURN_TYPE = YES_ERROR;
				GCC_WARN_UNDECLARED_SELECTOR = YES;
				GCC_WARN_UNINITIALIZED_AUTOS = YES_AGGRESSIVE;
				GCC_WARN_UNUSED_FUNCTION = YES;
				GCC_WARN_UNUSED_VARIABLE = YES;
				IPHONEOS_DEPLOYMENT_TARGET = 17.5;
				LOCALIZATION_PREFERS_STRING_CATALOGS = YES;
				MTL_ENABLE_DEBUG_INFO = NO;
				MTL_FAST_MATH = YES;
				SDKROOT = iphoneos;
				SWIFT_COMPILATION_MODE = wholemodule;
				VALIDATE_PRODUCT = YES;
			};
			name = Release;
		};
		3BEEB4002C878D2D005E2E57 /* Debug */ = {
			isa = XCBuildConfiguration;
			buildSettings = {
				ASSETCATALOG_COMPILER_APPICON_NAME = AppIcon;
				ASSETCATALOG_COMPILER_GLOBAL_ACCENT_COLOR_NAME = AccentColor;
				CODE_SIGN_STYLE = Automatic;
				CURRENT_PROJECT_VERSION = 1;
				DEVELOPMENT_ASSET_PATHS = "\"NetworkingStudy/Preview Content\"";
				DEVELOPMENT_TEAM = NGA2X6V298;
				ENABLE_PREVIEWS = YES;
				GENERATE_INFOPLIST_FILE = YES;
				INFOPLIST_KEY_UIApplicationSceneManifest_Generation = YES;
				INFOPLIST_KEY_UIApplicationSupportsIndirectInputEvents = YES;
				INFOPLIST_KEY_UILaunchScreen_Generation = YES;
				INFOPLIST_KEY_UISupportedInterfaceOrientations_iPad = "UIInterfaceOrientationPortrait UIInterfaceOrientationPortraitUpsideDown UIInterfaceOrientationLandscapeLeft UIInterfaceOrientationLandscapeRight";
				INFOPLIST_KEY_UISupportedInterfaceOrientations_iPhone = "UIInterfaceOrientationPortrait UIInterfaceOrientationLandscapeLeft UIInterfaceOrientationLandscapeRight";
				LD_RUNPATH_SEARCH_PATHS = (
					"$(inherited)",
					"@executable_path/Frameworks",
				);
				MARKETING_VERSION = 1.0;
				PRODUCT_BUNDLE_IDENTIFIER = com.noyohelsinki.NetworkingStudy;
				PRODUCT_NAME = "$(TARGET_NAME)";
				SWIFT_EMIT_LOC_STRINGS = YES;
				SWIFT_VERSION = 5.0;
				TARGETED_DEVICE_FAMILY = "1,2";
			};
			name = Debug;
		};
		3BEEB4012C878D2D005E2E57 /* Release */ = {
			isa = XCBuildConfiguration;
			buildSettings = {
				ASSETCATALOG_COMPILER_APPICON_NAME = AppIcon;
				ASSETCATALOG_COMPILER_GLOBAL_ACCENT_COLOR_NAME = AccentColor;
				CODE_SIGN_STYLE = Automatic;
				CURRENT_PROJECT_VERSION = 1;
				DEVELOPMENT_ASSET_PATHS = "\"NetworkingStudy/Preview Content\"";
				DEVELOPMENT_TEAM = NGA2X6V298;
				ENABLE_PREVIEWS = YES;
				GENERATE_INFOPLIST_FILE = YES;
				INFOPLIST_KEY_UIApplicationSceneManifest_Generation = YES;
				INFOPLIST_KEY_UIApplicationSupportsIndirectInputEvents = YES;
				INFOPLIST_KEY_UILaunchScreen_Generation = YES;
				INFOPLIST_KEY_UISupportedInterfaceOrientations_iPad = "UIInterfaceOrientationPortrait UIInterfaceOrientationPortraitUpsideDown UIInterfaceOrientationLandscapeLeft UIInterfaceOrientationLandscapeRight";
				INFOPLIST_KEY_UISupportedInterfaceOrientations_iPhone = "UIInterfaceOrientationPortrait UIInterfaceOrientationLandscapeLeft UIInterfaceOrientationLandscapeRight";
				LD_RUNPATH_SEARCH_PATHS = (
					"$(inherited)",
					"@executable_path/Frameworks",
				);
				MARKETING_VERSION = 1.0;
				PRODUCT_BUNDLE_IDENTIFIER = com.noyohelsinki.NetworkingStudy;
				PRODUCT_NAME = "$(TARGET_NAME)";
				SWIFT_EMIT_LOC_STRINGS = YES;
				SWIFT_VERSION = 5.0;
				TARGETED_DEVICE_FAMILY = "1,2";
			};
			name = Release;
		};
/* End XCBuildConfiguration section */

/* Begin XCConfigurationList section */
		3BEEB3EC2C878D2C005E2E57 /* Build configuration list for PBXProject "NetworkingStudy" */ = {
			isa = XCConfigurationList;
			buildConfigurations = (
				3BEEB3FD2C878D2D005E2E57 /* Debug */,
				3BEEB3FE2C878D2D005E2E57 /* Release */,
			);
			defaultConfigurationIsVisible = 0;
			defaultConfigurationName = Release;
		};
		3BEEB3FF2C878D2D005E2E57 /* Build configuration list for PBXNativeTarget "NetworkingStudy" */ = {
			isa = XCConfigurationList;
			buildConfigurations = (
				3BEEB4002C878D2D005E2E57 /* Debug */,
				3BEEB4012C878D2D005E2E57 /* Release */,
			);
			defaultConfigurationIsVisible = 0;
			defaultConfigurationName = Release;
		};
/* End XCConfigurationList section */
	};
	rootObject = 3BEEB3E92C878D2C005E2E57 /* Project object */;
}
